{
  "name": "Newsis-Newsletter",
  "lockfileVersion": 3,
  "requires": true,
  "packages": {
    "": {
      "dependencies": {
        "@ashwamegh/vue-link-preview": "^3.3.0"
      }
    },
    "node_modules/@ashwamegh/vue-link-preview": {
      "version": "3.3.0",
      "resolved": "https://registry.npmjs.org/@ashwamegh/vue-link-preview/-/vue-link-preview-3.3.0.tgz",
      "integrity": "sha512-QNfMqoThmRVAvXWJ25EQ24KZ0LWKPEPupsi7gmr1LwIjnX6pvVu4RL8OT+WVGKc9p4lAiOI/I9wHzFyaaxq7sg==",
      "funding": [
        {
          "type": "buymeacoffee",
          "url": "https://www.buymeacoffee.com/ashwameghwork"
        },
        {
          "type": "patreon",
          "url": "https://patreon.com/ashwamegh"
        }
      ],
      "license": "MIT"
    }
  }
}
