# THIS IS AN AUTOGENERATED FILE. DO NOT EDIT THIS FILE DIRECTLY.
# yarn lockfile v1


"@ashwamegh/vue-link-preview@^3.3.0":
  version "3.3.0"
  resolved "https://registry.yarnpkg.com/@ashwamegh/vue-link-preview/-/vue-link-preview-3.3.0.tgz#bdc61009217c2ff777bf01cfe338e00ba288d347"
  integrity sha512-QNfMqoThmRVAvXWJ25EQ24KZ0LWKPEPupsi7gmr1LwIjnX6pvVu4RL8OT+WVGKc9p4lAiOI/I9wHzFyaaxq7sg==
